
Microsoft Visual Studio Solution File, Format Version 12.00
# Visual Studio Version 17
VisualStudioVersion = 17.5.33530.505
MinimumVisualStudioVersion = 10.0.40219.1
Project("{FAE04EC0-301F-11D3-BF4B-00C04F79EFBC}") = "LR3_Gorevoyy", "LR3_Gorevoyy\LR3_Gorevoyy.csproj", "{EC712A98-E2B5-4DD1-AD97-1511B76C3048}"
EndProject
Global
	GlobalSection(SolutionConfigurationPlatforms) = preSolution
		Debug|Any CPU = Debug|Any CPU
		Release|Any CPU = Release|Any CPU
	EndGlobalSection
	GlobalSection(ProjectConfigurationPlatforms) = postSolution
		{EC712A98-E2B5-4DD1-AD97-1511B76C3048}.Debug|Any CPU.ActiveCfg = Debug|Any CPU
		{EC712A98-E2B5-4DD1-AD97-1511B76C3048}.Debug|Any CPU.Build.0 = Debug|Any CPU
		{EC712A98-E2B5-4DD1-AD97-1511B76C3048}.Release|Any CPU.ActiveCfg = Release|Any CPU
		{EC712A98-E2B5-4DD1-AD97-1511B76C3048}.Release|Any CPU.Build.0 = Release|Any CPU
	EndGlobalSection
	GlobalSection(SolutionProperties) = preSolution
		HideSolutionNode = FALSE
	EndGlobalSection
	GlobalSection(ExtensibilityGlobals) = postSolution
		SolutionGuid = {A3EED26D-6BE1-4BB5-910B-60DDDB9D6463}
	EndGlobalSection
EndGlobal
